
Microsoft Visual Studio Solution File, Format Version 12.00
# Visual Studio Version 16
VisualStudioVersion = 16.0.31005.135
MinimumVisualStudioVersion = 10.0.40219.1
Project("{FAE04EC0-301F-11D3-BF4B-00C04F79EFBC}") = "DataAccess", "DataAccess\DataAccess.csproj", "{17812F9E-FFBB-4183-9A77-FB1617881CB9}"
EndProject
Project("{FAE04EC0-301F-11D3-BF4B-00C04F79EFBC}") = "Entities", "Entities\Entities.csproj", "{552AEB62-2E38-4ABC-82C1-E298CE4BF403}"
EndProject
Project("{FAE04EC0-301F-11D3-BF4B-00C04F79EFBC}") = "Business", "Business\Business.csproj", "{11C7C87F-0DD5-4129-95C8-16CF97B8AB74}"
EndProject
Project("{FAE04EC0-301F-11D3-BF4B-00C04F79EFBC}") = "ConsoleUI", "ConsoleUI\ConsoleUI.csproj", "{BD03BC47-4D6F-496B-B5E4-C37ED167F9AE}"
EndProject
Global
	GlobalSection(SolutionConfigurationPlatforms) = preSolution
		Debug|Any CPU = Debug|Any CPU
		Release|Any CPU = Release|Any CPU
	EndGlobalSection
	GlobalSection(ProjectConfigurationPlatforms) = postSolution
		{17812F9E-FFBB-4183-9A77-FB1617881CB9}.Debug|Any CPU.ActiveCfg = Debug|Any CPU
		{17812F9E-FFBB-4183-9A77-FB1617881CB9}.Debug|Any CPU.Build.0 = Debug|Any CPU
		{17812F9E-FFBB-4183-9A77-FB1617881CB9}.Release|Any CPU.ActiveCfg = Release|Any CPU
		{17812F9E-FFBB-4183-9A77-FB1617881CB9}.Release|Any CPU.Build.0 = Release|Any CPU
		{552AEB62-2E38-4ABC-82C1-E298CE4BF403}.Debug|Any CPU.ActiveCfg = Debug|Any CPU
		{552AEB62-2E38-4ABC-82C1-E298CE4BF403}.Debug|Any CPU.Build.0 = Debug|Any CPU
		{552AEB62-2E38-4ABC-82C1-E298CE4BF403}.Release|Any CPU.ActiveCfg = Release|Any CPU
		{552AEB62-2E38-4ABC-82C1-E298CE4BF403}.Release|Any CPU.Build.0 = Release|Any CPU
		{11C7C87F-0DD5-4129-95C8-16CF97B8AB74}.Debug|Any CPU.ActiveCfg = Debug|Any CPU
		{11C7C87F-0DD5-4129-95C8-16CF97B8AB74}.Debug|Any CPU.Build.0 = Debug|Any CPU
		{11C7C87F-0DD5-4129-95C8-16CF97B8AB74}.Release|Any CPU.ActiveCfg = Release|Any CPU
		{11C7C87F-0DD5-4129-95C8-16CF97B8AB74}.Release|Any CPU.Build.0 = Release|Any CPU
		{BD03BC47-4D6F-496B-B5E4-C37ED167F9AE}.Debug|Any CPU.ActiveCfg = Debug|Any CPU
		{BD03BC47-4D6F-496B-B5E4-C37ED167F9AE}.Debug|Any CPU.Build.0 = Debug|Any CPU
		{BD03BC47-4D6F-496B-B5E4-C37ED167F9AE}.Release|Any CPU.ActiveCfg = Release|Any CPU
		{BD03BC47-4D6F-496B-B5E4-C37ED167F9AE}.Release|Any CPU.Build.0 = Release|Any CPU
	EndGlobalSection
	GlobalSection(SolutionProperties) = preSolution
		HideSolutionNode = FALSE
	EndGlobalSection
	GlobalSection(ExtensibilityGlobals) = postSolution
		SolutionGuid = {CAAB4993-4627-4CC1-85DB-3156D1F669A8}
	EndGlobalSection
EndGlobal
